// !$*UTF8*$!
{
	archiveVersion = 1;
	classes = {
	};
	objectVersion = 55;
	objects = {

/* Begin PBXBuildFile section */
		7EDD6331287F447800AF74A5 /* AppDelegate.swift in Sources */ = {isa = PBXBuildFile; fileRef = 7EDD6330287F447800AF74A5 /* AppDelegate.swift */; };
		7EDD6333287F447800AF74A5 /* SceneDelegate.swift in Sources */ = {isa = PBXBuildFile; fileRef = 7EDD6332287F447800AF74A5 /* SceneDelegate.swift */; };
		7EDD6338287F447800AF74A5 /* Main.storyboard in Resources */ = {isa = PBXBuildFile; fileRef = 7EDD6336287F447800AF74A5 /* Main.storyboard */; };
		7EDD633A287F447900AF74A5 /* Assets.xcassets in Resources */ = {isa = PBXBuildFile; fileRef = 7EDD6339287F447900AF74A5 /* Assets.xcassets */; };
		7EDD633D287F447900AF74A5 /* LaunchScreen.storyboard in Resources */ = {isa = PBXBuildFile; fileRef = 7EDD633B287F447900AF74A5 /* LaunchScreen.storyboard */; };
		7EDD6348287F447900AF74A5 /* ActorShowCaseTests.swift in Sources */ = {isa = PBXBuildFile; fileRef = 7EDD6347287F447900AF74A5 /* ActorShowCaseTests.swift */; };
		7EDD6352287F447900AF74A5 /* ActorShowCaseUITests.swift in Sources */ = {isa = PBXBuildFile; fileRef = 7EDD6351287F447900AF74A5 /* ActorShowCaseUITests.swift */; };
		7EDD6354287F447900AF74A5 /* ActorShowCaseUITestsLaunchTests.swift in Sources */ = {isa = PBXBuildFile; fileRef = 7EDD6353287F447900AF74A5 /* ActorShowCaseUITestsLaunchTests.swift */; };
		7EDD6362287F44D100AF74A5 /* APICache.swift in Sources */ = {isa = PBXBuildFile; fileRef = 7EDD6361287F44D100AF74A5 /* APICache.swift */; };
		7EDD6365287F464E00AF74A5 /* ServerUTCDateFormatter.swift in Sources */ = {isa = PBXBuildFile; fileRef = 7EDD6364287F464D00AF74A5 /* ServerUTCDateFormatter.swift */; };
		7EDD6368287F467D00AF74A5 /* ThreadSafeDictionary.swift in Sources */ = {isa = PBXBuildFile; fileRef = 7EDD6367287F467D00AF74A5 /* ThreadSafeDictionary.swift */; };
		7EDD636B287F46FA00AF74A5 /* Localization.swift in Sources */ = {isa = PBXBuildFile; fileRef = 7EDD636A287F46FA00AF74A5 /* Localization.swift */; };
		7EDD636D287F47DD00AF74A5 /* APICache+ThreadSafe.swift in Sources */ = {isa = PBXBuildFile; fileRef = 7EDD636C287F47DD00AF74A5 /* APICache+ThreadSafe.swift */; };
		7EDD636F287F480700AF74A5 /* API.swift in Sources */ = {isa = PBXBuildFile; fileRef = 7EDD636E287F480700AF74A5 /* API.swift */; };
		7EDD6371287F482300AF74A5 /* TimeInterval+Extensions.swift in Sources */ = {isa = PBXBuildFile; fileRef = 7EDD6370287F482300AF74A5 /* TimeInterval+Extensions.swift */; };
		7EDD6373287F486500AF74A5 /* Hasher.swift in Sources */ = {isa = PBXBuildFile; fileRef = 7EDD6372287F486500AF74A5 /* Hasher.swift */; };
		7EDD6376287F49BF00AF74A5 /* RandomSongViewController.swift in Sources */ = {isa = PBXBuildFile; fileRef = 7EDD6375287F49BF00AF74A5 /* RandomSongViewController.swift */; };
		7EDD637B287F4AB300AF74A5 /* RandomSongViewModel.swift in Sources */ = {isa = PBXBuildFile; fileRef = 7EDD637A287F4AB300AF74A5 /* RandomSongViewModel.swift */; };
		7EDD637E287F4ADC00AF74A5 /* RandomSongService.swift in Sources */ = {isa = PBXBuildFile; fileRef = 7EDD637D287F4ADC00AF74A5 /* RandomSongService.swift */; };
		7EDD6380287F4C2600AF74A5 /* RandomSongModel.swift in Sources */ = {isa = PBXBuildFile; fileRef = 7EDD637F287F4C2600AF74A5 /* RandomSongModel.swift */; };
		7EDD6382287F4DDB00AF74A5 /* APIError.swift in Sources */ = {isa = PBXBuildFile; fileRef = 7EDD6381287F4DDB00AF74A5 /* APIError.swift */; };
		7EDD6384287F564500AF74A5 /* Date+Extensions.swift in Sources */ = {isa = PBXBuildFile; fileRef = 7EDD6383287F564500AF74A5 /* Date+Extensions.swift */; };
		7EDD6387287F590A00AF74A5 /* GlobalVar.swift in Sources */ = {isa = PBXBuildFile; fileRef = 7EDD6386287F590A00AF74A5 /* GlobalVar.swift */; };
		7EDD6389287F5A4E00AF74A5 /* APICache+Actor.swift in Sources */ = {isa = PBXBuildFile; fileRef = 7EDD6388287F5A4E00AF74A5 /* APICache+Actor.swift */; };
		7EDD638B287F60D200AF74A5 /* APICacheProtocol.swift in Sources */ = {isa = PBXBuildFile; fileRef = 7EDD638A287F60D200AF74A5 /* APICacheProtocol.swift */; };
/* End PBXBuildFile section */

/* Begin PBXContainerItemProxy section */
		7EDD6344287F447900AF74A5 /* PBXContainerItemProxy */ = {
			isa = PBXContainerItemProxy;
			containerPortal = 7EDD6325287F447800AF74A5 /* Project object */;
			proxyType = 1;
			remoteGlobalIDString = 7EDD632C287F447800AF74A5;
			remoteInfo = ActorShowCase;
		};
		7EDD634E287F447900AF74A5 /* PBXContainerItemProxy */ = {
			isa = PBXContainerItemProxy;
			containerPortal = 7EDD6325287F447800AF74A5 /* Project object */;
			proxyType = 1;
			remoteGlobalIDString = 7EDD632C287F447800AF74A5;
			remoteInfo = ActorShowCase;
		};
/* End PBXContainerItemProxy section */

/* Begin PBXFileReference section */
		7EDD632D287F447800AF74A5 /* ActorShowCase.app */ = {isa = PBXFileReference; explicitFileType = wrapper.application; includeInIndex = 0; path = ActorShowCase.app; sourceTree = BUILT_PRODUCTS_DIR; };
		7EDD6330287F447800AF74A5 /* AppDelegate.swift */ = {isa = PBXFileReference; lastKnownFileType = sourcecode.swift; path = AppDelegate.swift; sourceTree = "<group>"; };
		7EDD6332287F447800AF74A5 /* SceneDelegate.swift */ = {isa = PBXFileReference; lastKnownFileType = sourcecode.swift; path = SceneDelegate.swift; sourceTree = "<group>"; };
		7EDD6337287F447800AF74A5 /* Base */ = {isa = PBXFileReference; lastKnownFileType = file.storyboard; name = Base; path = Base.lproj/Main.storyboard; sourceTree = "<group>"; };
		7EDD6339287F447900AF74A5 /* Assets.xcassets */ = {isa = PBXFileReference; lastKnownFileType = folder.assetcatalog; path = Assets.xcassets; sourceTree = "<group>"; };
		7EDD633C287F447900AF74A5 /* Base */ = {isa = PBXFileReference; lastKnownFileType = file.storyboard; name = Base; path = Base.lproj/LaunchScreen.storyboard; sourceTree = "<group>"; };
		7EDD633E287F447900AF74A5 /* Info.plist */ = {isa = PBXFileReference; lastKnownFileType = text.plist.xml; path = Info.plist; sourceTree = "<group>"; };
		7EDD6343287F447900AF74A5 /* ActorShowCaseTests.xctest */ = {isa = PBXFileReference; explicitFileType = wrapper.cfbundle; includeInIndex = 0; path = ActorShowCaseTests.xctest; sourceTree = BUILT_PRODUCTS_DIR; };
		7EDD6347287F447900AF74A5 /* ActorShowCaseTests.swift */ = {isa = PBXFileReference; lastKnownFileType = sourcecode.swift; path = ActorShowCaseTests.swift; sourceTree = "<group>"; };
		7EDD634D287F447900AF74A5 /* ActorShowCaseUITests.xctest */ = {isa = PBXFileReference; explicitFileType = wrapper.cfbundle; includeInIndex = 0; path = ActorShowCaseUITests.xctest; sourceTree = BUILT_PRODUCTS_DIR; };
		7EDD6351287F447900AF74A5 /* ActorShowCaseUITests.swift */ = {isa = PBXFileReference; lastKnownFileType = sourcecode.swift; path = ActorShowCaseUITests.swift; sourceTree = "<group>"; };
		7EDD6353287F447900AF74A5 /* ActorShowCaseUITestsLaunchTests.swift */ = {isa = PBXFileReference; lastKnownFileType = sourcecode.swift; path = ActorShowCaseUITestsLaunchTests.swift; sourceTree = "<group>"; };
		7EDD6361287F44D100AF74A5 /* APICache.swift */ = {isa = PBXFileReference; fileEncoding = 4; lastKnownFileType = sourcecode.swift; path = APICache.swift; sourceTree = "<group>"; };
		7EDD6364287F464D00AF74A5 /* ServerUTCDateFormatter.swift */ = {isa = PBXFileReference; fileEncoding = 4; lastKnownFileType = sourcecode.swift; path = ServerUTCDateFormatter.swift; sourceTree = "<group>"; };
		7EDD6367287F467D00AF74A5 /* ThreadSafeDictionary.swift */ = {isa = PBXFileReference; fileEncoding = 4; lastKnownFileType = sourcecode.swift; path = ThreadSafeDictionary.swift; sourceTree = "<group>"; };
		7EDD636A287F46FA00AF74A5 /* Localization.swift */ = {isa = PBXFileReference; fileEncoding = 4; lastKnownFileType = sourcecode.swift; path = Localization.swift; sourceTree = "<group>"; };
		7EDD636C287F47DD00AF74A5 /* APICache+ThreadSafe.swift */ = {isa = PBXFileReference; lastKnownFileType = sourcecode.swift; path = "APICache+ThreadSafe.swift"; sourceTree = "<group>"; };
		7EDD636E287F480700AF74A5 /* API.swift */ = {isa = PBXFileReference; lastKnownFileType = sourcecode.swift; path = API.swift; sourceTree = "<group>"; };
		7EDD6370287F482300AF74A5 /* TimeInterval+Extensions.swift */ = {isa = PBXFileReference; lastKnownFileType = sourcecode.swift; path = "TimeInterval+Extensions.swift"; sourceTree = "<group>"; };
		7EDD6372287F486500AF74A5 /* Hasher.swift */ = {isa = PBXFileReference; lastKnownFileType = sourcecode.swift; path = Hasher.swift; sourceTree = "<group>"; };
		7EDD6375287F49BF00AF74A5 /* RandomSongViewController.swift */ = {isa = PBXFileReference; lastKnownFileType = sourcecode.swift; path = RandomSongViewController.swift; sourceTree = "<group>"; };
		7EDD637A287F4AB300AF74A5 /* RandomSongViewModel.swift */ = {isa = PBXFileReference; lastKnownFileType = sourcecode.swift; path = RandomSongViewModel.swift; sourceTree = "<group>"; };
		7EDD637D287F4ADC00AF74A5 /* RandomSongService.swift */ = {isa = PBXFileReference; lastKnownFileType = sourcecode.swift; path = RandomSongService.swift; sourceTree = "<group>"; };
		7EDD637F287F4C2600AF74A5 /* RandomSongModel.swift */ = {isa = PBXFileReference; lastKnownFileType = sourcecode.swift; path = RandomSongModel.swift; sourceTree = "<group>"; };
		7EDD6381287F4DDB00AF74A5 /* APIError.swift */ = {isa = PBXFileReference; lastKnownFileType = sourcecode.swift; path = APIError.swift; sourceTree = "<group>"; };
		7EDD6383287F564500AF74A5 /* Date+Extensions.swift */ = {isa = PBXFileReference; fileEncoding = 4; lastKnownFileType = sourcecode.swift; path = "Date+Extensions.swift"; sourceTree = "<group>"; };
		7EDD6386287F590A00AF74A5 /* GlobalVar.swift */ = {isa = PBXFileReference; fileEncoding = 4; lastKnownFileType = sourcecode.swift; path = GlobalVar.swift; sourceTree = "<group>"; };
		7EDD6388287F5A4E00AF74A5 /* APICache+Actor.swift */ = {isa = PBXFileReference; lastKnownFileType = sourcecode.swift; path = "APICache+Actor.swift"; sourceTree = "<group>"; };
		7EDD638A287F60D200AF74A5 /* APICacheProtocol.swift */ = {isa = PBXFileReference; lastKnownFileType = sourcecode.swift; path = APICacheProtocol.swift; sourceTree = "<group>"; };
/* End PBXFileReference section */

/* Begin PBXFrameworksBuildPhase section */
		7EDD632A287F447800AF74A5 /* Frameworks */ = {
			isa = PBXFrameworksBuildPhase;
			buildActionMask = 2147483647;
			files = (
			);
			runOnlyForDeploymentPostprocessing = 0;
		};
		7EDD6340287F447900AF74A5 /* Frameworks */ = {
			isa = PBXFrameworksBuildPhase;
			buildActionMask = 2147483647;
			files = (
			);
			runOnlyForDeploymentPostprocessing = 0;
		};
		7EDD634A287F447900AF74A5 /* Frameworks */ = {
			isa = PBXFrameworksBuildPhase;
			buildActionMask = 2147483647;
			files = (
			);
			runOnlyForDeploymentPostprocessing = 0;
		};
/* End PBXFrameworksBuildPhase section */

/* Begin PBXGroup section */
		7EDD6324287F447800AF74A5 = {
			isa = PBXGroup;
			children = (
				7EDD632F287F447800AF74A5 /* ActorShowCase */,
				7EDD6346287F447900AF74A5 /* ActorShowCaseTests */,
				7EDD6350287F447900AF74A5 /* ActorShowCaseUITests */,
				7EDD632E287F447800AF74A5 /* Products */,
			);
			sourceTree = "<group>";
		};
		7EDD632E287F447800AF74A5 /* Products */ = {
			isa = PBXGroup;
			children = (
				7EDD632D287F447800AF74A5 /* ActorShowCase.app */,
				7EDD6343287F447900AF74A5 /* ActorShowCaseTests.xctest */,
				7EDD634D287F447900AF74A5 /* ActorShowCaseUITests.xctest */,
			);
			name = Products;
			sourceTree = "<group>";
		};
		7EDD632F287F447800AF74A5 /* ActorShowCase */ = {
			isa = PBXGroup;
			children = (
				7EDD6360287F44D100AF74A5 /* API */,
				7EDD6363287F464D00AF74A5 /* Extensions */,
				7EDD6369287F46FA00AF74A5 /* Localization */,
				7EDD6366287F467D00AF74A5 /* ToolKit */,
				7EDD6374287F499800AF74A5 /* Scenes */,
				7EDD6330287F447800AF74A5 /* AppDelegate.swift */,
				7EDD6332287F447800AF74A5 /* SceneDelegate.swift */,
				7EDD6386287F590A00AF74A5 /* GlobalVar.swift */,
				7EDD6336287F447800AF74A5 /* Main.storyboard */,
				7EDD6339287F447900AF74A5 /* Assets.xcassets */,
				7EDD633B287F447900AF74A5 /* LaunchScreen.storyboard */,
				7EDD633E287F447900AF74A5 /* Info.plist */,
			);
			path = ActorShowCase;
			sourceTree = "<group>";
		};
		7EDD6346287F447900AF74A5 /* ActorShowCaseTests */ = {
			isa = PBXGroup;
			children = (
				7EDD6347287F447900AF74A5 /* ActorShowCaseTests.swift */,
			);
			path = ActorShowCaseTests;
			sourceTree = "<group>";
		};
		7EDD6350287F447900AF74A5 /* ActorShowCaseUITests */ = {
			isa = PBXGroup;
			children = (
				7EDD6351287F447900AF74A5 /* ActorShowCaseUITests.swift */,
				7EDD6353287F447900AF74A5 /* ActorShowCaseUITestsLaunchTests.swift */,
			);
			path = ActorShowCaseUITests;
			sourceTree = "<group>";
		};
		7EDD6360287F44D100AF74A5 /* API */ = {
			isa = PBXGroup;
			children = (
				7EDD636E287F480700AF74A5 /* API.swift */,
				7EDD6361287F44D100AF74A5 /* APICache.swift */,
				7EDD636C287F47DD00AF74A5 /* APICache+ThreadSafe.swift */,
				7EDD6388287F5A4E00AF74A5 /* APICache+Actor.swift */,
				7EDD638A287F60D200AF74A5 /* APICacheProtocol.swift */,
				7EDD6381287F4DDB00AF74A5 /* APIError.swift */,
			);
			path = API;
			sourceTree = "<group>";
		};
		7EDD6363287F464D00AF74A5 /* Extensions */ = {
			isa = PBXGroup;
			children = (
				7EDD6383287F564500AF74A5 /* Date+Extensions.swift */,
				7EDD6364287F464D00AF74A5 /* ServerUTCDateFormatter.swift */,
				7EDD6370287F482300AF74A5 /* TimeInterval+Extensions.swift */,
			);
			path = Extensions;
			sourceTree = "<group>";
		};
		7EDD6366287F467D00AF74A5 /* ToolKit */ = {
			isa = PBXGroup;
			children = (
				7EDD6367287F467D00AF74A5 /* ThreadSafeDictionary.swift */,
				7EDD6372287F486500AF74A5 /* Hasher.swift */,
			);
			path = ToolKit;
			sourceTree = "<group>";
		};
		7EDD6369287F46FA00AF74A5 /* Localization */ = {
			isa = PBXGroup;
			children = (
				7EDD636A287F46FA00AF74A5 /* Localization.swift */,
			);
			path = Localization;
			sourceTree = "<group>";
		};
		7EDD6374287F499800AF74A5 /* Scenes */ = {
			isa = PBXGroup;
			children = (
				7EDD6385287F57AF00AF74A5 /* RandomSong */,
			);
			path = Scenes;
			sourceTree = "<group>";
		};
		7EDD6377287F49C400AF74A5 /* ViewModel */ = {
			isa = PBXGroup;
			children = (
				7EDD637A287F4AB300AF74A5 /* RandomSongViewModel.swift */,
			);
			path = ViewModel;
			sourceTree = "<group>";
		};
		7EDD6378287F49D600AF74A5 /* View */ = {
			isa = PBXGroup;
			children = (
				7EDD6375287F49BF00AF74A5 /* RandomSongViewController.swift */,
			);
			path = View;
			sourceTree = "<group>";
		};
		7EDD6379287F49DC00AF74A5 /* Model */ = {
			isa = PBXGroup;
			children = (
				7EDD637F287F4C2600AF74A5 /* RandomSongModel.swift */,
			);
			path = Model;
			sourceTree = "<group>";
		};
		7EDD637C287F4ACC00AF74A5 /* Service */ = {
			isa = PBXGroup;
			children = (
				7EDD637D287F4ADC00AF74A5 /* RandomSongService.swift */,
			);
			path = Service;
			sourceTree = "<group>";
		};
		7EDD6385287F57AF00AF74A5 /* RandomSong */ = {
			isa = PBXGroup;
			children = (
				7EDD6379287F49DC00AF74A5 /* Model */,
				7EDD6378287F49D600AF74A5 /* View */,
				7EDD6377287F49C400AF74A5 /* ViewModel */,
				7EDD637C287F4ACC00AF74A5 /* Service */,
			);
			path = RandomSong;
			sourceTree = "<group>";
		};
/* End PBXGroup section */

/* Begin PBXNativeTarget section */
		7EDD632C287F447800AF74A5 /* ActorShowCase */ = {
			isa = PBXNativeTarget;
			buildConfigurationList = 7EDD6357287F447900AF74A5 /* Build configuration list for PBXNativeTarget "ActorShowCase" */;
			buildPhases = (
				7EDD6329287F447800AF74A5 /* Sources */,
				7EDD632A287F447800AF74A5 /* Frameworks */,
				7EDD632B287F447800AF74A5 /* Resources */,
			);
			buildRules = (
			);
			dependencies = (
			);
			name = ActorShowCase;
			productName = ActorShowCase;
			productReference = 7EDD632D287F447800AF74A5 /* ActorShowCase.app */;
			productType = "com.apple.product-type.application";
		};
		7EDD6342287F447900AF74A5 /* ActorShowCaseTests */ = {
			isa = PBXNativeTarget;
			buildConfigurationList = 7EDD635A287F447900AF74A5 /* Build configuration list for PBXNativeTarget "ActorShowCaseTests" */;
			buildPhases = (
				7EDD633F287F447900AF74A5 /* Sources */,
				7EDD6340287F447900AF74A5 /* Frameworks */,
				7EDD6341287F447900AF74A5 /* Resources */,
			);
			buildRules = (
			);
			dependencies = (
				7EDD6345287F447900AF74A5 /* PBXTargetDependency */,
			);
			name = ActorShowCaseTests;
			productName = ActorShowCaseTests;
			productReference = 7EDD6343287F447900AF74A5 /* ActorShowCaseTests.xctest */;
			productType = "com.apple.product-type.bundle.unit-test";
		};
		7EDD634C287F447900AF74A5 /* ActorShowCaseUITests */ = {
			isa = PBXNativeTarget;
			buildConfigurationList = 7EDD635D287F447900AF74A5 /* Build configuration list for PBXNativeTarget "ActorShowCaseUITests" */;
			buildPhases = (
				7EDD6349287F447900AF74A5 /* Sources */,
				7EDD634A287F447900AF74A5 /* Frameworks */,
				7EDD634B287F447900AF74A5 /* Resources */,
			);
			buildRules = (
			);
			dependencies = (
				7EDD634F287F447900AF74A5 /* PBXTargetDependency */,
			);
			name = ActorShowCaseUITests;
			productName = ActorShowCaseUITests;
			productReference = 7EDD634D287F447900AF74A5 /* ActorShowCaseUITests.xctest */;
			productType = "com.apple.product-type.bundle.ui-testing";
		};
/* End PBXNativeTarget section */

/* Begin PBXProject section */
		7EDD6325287F447800AF74A5 /* Project object */ = {
			isa = PBXProject;
			attributes = {
				BuildIndependentTargetsInParallel = 1;
				LastSwiftUpdateCheck = 1340;
				LastUpgradeCheck = 1340;
				TargetAttributes = {
					7EDD632C287F447800AF74A5 = {
						CreatedOnToolsVersion = 13.4.1;
					};
					7EDD6342287F447900AF74A5 = {
						CreatedOnToolsVersion = 13.4.1;
						TestTargetID = 7EDD632C287F447800AF74A5;
					};
					7EDD634C287F447900AF74A5 = {
						CreatedOnToolsVersion = 13.4.1;
						TestTargetID = 7EDD632C287F447800AF74A5;
					};
				};
			};
			buildConfigurationList = 7EDD6328287F447800AF74A5 /* Build configuration list for PBXProject "ActorShowCase" */;
			compatibilityVersion = "Xcode 13.0";
			developmentRegion = en;
			hasScannedForEncodings = 0;
			knownRegions = (
				en,
				Base,
			);
			mainGroup = 7EDD6324287F447800AF74A5;
			productRefGroup = 7EDD632E287F447800AF74A5 /* Products */;
			projectDirPath = "";
			projectRoot = "";
			targets = (
				7EDD632C287F447800AF74A5 /* ActorShowCase */,
				7EDD6342287F447900AF74A5 /* ActorShowCaseTests */,
				7EDD634C287F447900AF74A5 /* ActorShowCaseUITests */,
			);
		};
/* End PBXProject section */

/* Begin PBXResourcesBuildPhase section */
		7EDD632B287F447800AF74A5 /* Resources */ = {
			isa = PBXResourcesBuildPhase;
			buildActionMask = 2147483647;
			files = (
				7EDD633D287F447900AF74A5 /* LaunchScreen.storyboard in Resources */,
				7EDD633A287F447900AF74A5 /* Assets.xcassets in Resources */,
				7EDD6338287F447800AF74A5 /* Main.storyboard in Resources */,
			);
			runOnlyForDeploymentPostprocessing = 0;
		};
		7EDD6341287F447900AF74A5 /* Resources */ = {
			isa = PBXResourcesBuildPhase;
			buildActionMask = 2147483647;
			files = (
			);
			runOnlyForDeploymentPostprocessing = 0;
		};
		7EDD634B287F447900AF74A5 /* Resources */ = {
			isa = PBXResourcesBuildPhase;
			buildActionMask = 2147483647;
			files = (
			);
			runOnlyForDeploymentPostprocessing = 0;
		};
/* End PBXResourcesBuildPhase section */

/* Begin PBXSourcesBuildPhase section */
		7EDD6329287F447800AF74A5 /* Sources */ = {
			isa = PBXSourcesBuildPhase;
			buildActionMask = 2147483647;
			files = (
				7EDD6380287F4C2600AF74A5 /* RandomSongModel.swift in Sources */,
				7EDD6389287F5A4E00AF74A5 /* APICache+Actor.swift in Sources */,
				7EDD6373287F486500AF74A5 /* Hasher.swift in Sources */,
				7EDD638B287F60D200AF74A5 /* APICacheProtocol.swift in Sources */,
				7EDD6331287F447800AF74A5 /* AppDelegate.swift in Sources */,
				7EDD636B287F46FA00AF74A5 /* Localization.swift in Sources */,
				7EDD6333287F447800AF74A5 /* SceneDelegate.swift in Sources */,
				7EDD636D287F47DD00AF74A5 /* APICache+ThreadSafe.swift in Sources */,
				7EDD637E287F4ADC00AF74A5 /* RandomSongService.swift in Sources */,
				7EDD6365287F464E00AF74A5 /* ServerUTCDateFormatter.swift in Sources */,
				7EDD6382287F4DDB00AF74A5 /* APIError.swift in Sources */,
				7EDD6384287F564500AF74A5 /* Date+Extensions.swift in Sources */,
				7EDD6368287F467D00AF74A5 /* ThreadSafeDictionary.swift in Sources */,
				7EDD637B287F4AB300AF74A5 /* RandomSongViewModel.swift in Sources */,
				7EDD6371287F482300AF74A5 /* TimeInterval+Extensions.swift in Sources */,
				7EDD636F287F480700AF74A5 /* API.swift in Sources */,
				7EDD6387287F590A00AF74A5 /* GlobalVar.swift in Sources */,
				7EDD6362287F44D100AF74A5 /* APICache.swift in Sources */,
				7EDD6376287F49BF00AF74A5 /* RandomSongViewController.swift in Sources */,
			);
			runOnlyForDeploymentPostprocessing = 0;
		};
		7EDD633F287F447900AF74A5 /* Sources */ = {
			isa = PBXSourcesBuildPhase;
			buildActionMask = 2147483647;
			files = (
				7EDD6348287F447900AF74A5 /* ActorShowCaseTests.swift in Sources */,
			);
			runOnlyForDeploymentPostprocessing = 0;
		};
		7EDD6349287F447900AF74A5 /* Sources */ = {
			isa = PBXSourcesBuildPhase;
			buildActionMask = 2147483647;
			files = (
				7EDD6352287F447900AF74A5 /* ActorShowCaseUITests.swift in Sources */,
				7EDD6354287F447900AF74A5 /* ActorShowCaseUITestsLaunchTests.swift in Sources */,
			);
			runOnlyForDeploymentPostprocessing = 0;
		};
/* End PBXSourcesBuildPhase section */

/* Begin PBXTargetDependency section */
		7EDD6345287F447900AF74A5 /* PBXTargetDependency */ = {
			isa = PBXTargetDependency;
			target = 7EDD632C287F447800AF74A5 /* ActorShowCase */;
			targetProxy = 7EDD6344287F447900AF74A5 /* PBXContainerItemProxy */;
		};
		7EDD634F287F447900AF74A5 /* PBXTargetDependency */ = {
			isa = PBXTargetDependency;
			target = 7EDD632C287F447800AF74A5 /* ActorShowCase */;
			targetProxy = 7EDD634E287F447900AF74A5 /* PBXContainerItemProxy */;
		};
/* End PBXTargetDependency section */

/* Begin PBXVariantGroup section */
		7EDD6336287F447800AF74A5 /* Main.storyboard */ = {
			isa = PBXVariantGroup;
			children = (
				7EDD6337287F447800AF74A5 /* Base */,
			);
			name = Main.storyboard;
			sourceTree = "<group>";
		};
		7EDD633B287F447900AF74A5 /* LaunchScreen.storyboard */ = {
			isa = PBXVariantGroup;
			children = (
				7EDD633C287F447900AF74A5 /* Base */,
			);
			name = LaunchScreen.storyboard;
			sourceTree = "<group>";
		};
/* End PBXVariantGroup section */

/* Begin XCBuildConfiguration section */
		7EDD6355287F447900AF74A5 /* Debug */ = {
			isa = XCBuildConfiguration;
			buildSettings = {
				ALWAYS_SEARCH_USER_PATHS = NO;
				CLANG_ANALYZER_NONNULL = YES;
				CLANG_ANALYZER_NUMBER_OBJECT_CONVERSION = YES_AGGRESSIVE;
				CLANG_CXX_LANGUAGE_STANDARD = "gnu++17";
				CLANG_ENABLE_MODULES = YES;
				CLANG_ENABLE_OBJC_ARC = YES;
				CLANG_ENABLE_OBJC_WEAK = YES;
				CLANG_WARN_BLOCK_CAPTURE_AUTORELEASING = YES;
				CLANG_WARN_BOOL_CONVERSION = YES;
				CLANG_WARN_COMMA = YES;
				CLANG_WARN_CONSTANT_CONVERSION = YES;
				CLANG_WARN_DEPRECATED_OBJC_IMPLEMENTATIONS = YES;
				CLANG_WARN_DIRECT_OBJC_ISA_USAGE = YES_ERROR;
				CLANG_WARN_DOCUMENTATION_COMMENTS = YES;
				CLANG_WARN_EMPTY_BODY = YES;
				CLANG_WARN_ENUM_CONVERSION = YES;
				CLANG_WARN_INFINITE_RECURSION = YES;
				CLANG_WARN_INT_CONVERSION = YES;
				CLANG_WARN_NON_LITERAL_NULL_CONVERSION = YES;
				CLANG_WARN_OBJC_IMPLICIT_RETAIN_SELF = YES;
				CLANG_WARN_OBJC_LITERAL_CONVERSION = YES;
				CLANG_WARN_OBJC_ROOT_CLASS = YES_ERROR;
				CLANG_WARN_QUOTED_INCLUDE_IN_FRAMEWORK_HEADER = YES;
				CLANG_WARN_RANGE_LOOP_ANALYSIS = YES;
				CLANG_WARN_STRICT_PROTOTYPES = YES;
				CLANG_WARN_SUSPICIOUS_MOVE = YES;
				CLANG_WARN_UNGUARDED_AVAILABILITY = YES_AGGRESSIVE;
				CLANG_WARN_UNREACHABLE_CODE = YES;
				CLANG_WARN__DUPLICATE_METHOD_MATCH = YES;
				COPY_PHASE_STRIP = NO;
				DEBUG_INFORMATION_FORMAT = dwarf;
				ENABLE_STRICT_OBJC_MSGSEND = YES;
				ENABLE_TESTABILITY = YES;
				GCC_C_LANGUAGE_STANDARD = gnu11;
				GCC_DYNAMIC_NO_PIC = NO;
				GCC_NO_COMMON_BLOCKS = YES;
				GCC_OPTIMIZATION_LEVEL = 0;
				GCC_PREPROCESSOR_DEFINITIONS = (
					"DEBUG=1",
					"$(inherited)",
				);
				GCC_WARN_64_TO_32_BIT_CONVERSION = YES;
				GCC_WARN_ABOUT_RETURN_TYPE = YES_ERROR;
				GCC_WARN_UNDECLARED_SELECTOR = YES;
				GCC_WARN_UNINITIALIZED_AUTOS = YES_AGGRESSIVE;
				GCC_WARN_UNUSED_FUNCTION = YES;
				GCC_WARN_UNUSED_VARIABLE = YES;
				IPHONEOS_DEPLOYMENT_TARGET = 15.5;
				MTL_ENABLE_DEBUG_INFO = INCLUDE_SOURCE;
				MTL_FAST_MATH = YES;
				ONLY_ACTIVE_ARCH = YES;
				SDKROOT = iphoneos;
				SWIFT_ACTIVE_COMPILATION_CONDITIONS = DEBUG;
				SWIFT_OPTIMIZATION_LEVEL = "-Onone";
			};
			name = Debug;
		};
		7EDD6356287F447900AF74A5 /* Release */ = {
			isa = XCBuildConfiguration;
			buildSettings = {
				ALWAYS_SEARCH_USER_PATHS = NO;
				CLANG_ANALYZER_NONNULL = YES;
				CLANG_ANALYZER_NUMBER_OBJECT_CONVERSION = YES_AGGRESSIVE;
				CLANG_CXX_LANGUAGE_STANDARD = "gnu++17";
				CLANG_ENABLE_MODULES = YES;
				CLANG_ENABLE_OBJC_ARC = YES;
				CLANG_ENABLE_OBJC_WEAK = YES;
				CLANG_WARN_BLOCK_CAPTURE_AUTORELEASING = YES;
				CLANG_WARN_BOOL_CONVERSION = YES;
				CLANG_WARN_COMMA = YES;
				CLANG_WARN_CONSTANT_CONVERSION = YES;
				CLANG_WARN_DEPRECATED_OBJC_IMPLEMENTATIONS = YES;
				CLANG_WARN_DIRECT_OBJC_ISA_USAGE = YES_ERROR;
				CLANG_WARN_DOCUMENTATION_COMMENTS = YES;
				CLANG_WARN_EMPTY_BODY = YES;
				CLANG_WARN_ENUM_CONVERSION = YES;
				CLANG_WARN_INFINITE_RECURSION = YES;
				CLANG_WARN_INT_CONVERSION = YES;
				CLANG_WARN_NON_LITERAL_NULL_CONVERSION = YES;
				CLANG_WARN_OBJC_IMPLICIT_RETAIN_SELF = YES;
				CLANG_WARN_OBJC_LITERAL_CONVERSION = YES;
				CLANG_WARN_OBJC_ROOT_CLASS = YES_ERROR;
				CLANG_WARN_QUOTED_INCLUDE_IN_FRAMEWORK_HEADER = YES;
				CLANG_WARN_RANGE_LOOP_ANALYSIS = YES;
				CLANG_WARN_STRICT_PROTOTYPES = YES;
				CLANG_WARN_SUSPICIOUS_MOVE = YES;
				CLANG_WARN_UNGUARDED_AVAILABILITY = YES_AGGRESSIVE;
				CLANG_WARN_UNREACHABLE_CODE = YES;
				CLANG_WARN__DUPLICATE_METHOD_MATCH = YES;
				COPY_PHASE_STRIP = NO;
				DEBUG_INFORMATION_FORMAT = "dwarf-with-dsym";
				ENABLE_NS_ASSERTIONS = NO;
				ENABLE_STRICT_OBJC_MSGSEND = YES;
				GCC_C_LANGUAGE_STANDARD = gnu11;
				GCC_NO_COMMON_BLOCKS = YES;
				GCC_WARN_64_TO_32_BIT_CONVERSION = YES;
				GCC_WARN_ABOUT_RETURN_TYPE = YES_ERROR;
				GCC_WARN_UNDECLARED_SELECTOR = YES;
				GCC_WARN_UNINITIALIZED_AUTOS = YES_AGGRESSIVE;
				GCC_WARN_UNUSED_FUNCTION = YES;
				GCC_WARN_UNUSED_VARIABLE = YES;
				IPHONEOS_DEPLOYMENT_TARGET = 15.5;
				MTL_ENABLE_DEBUG_INFO = NO;
				MTL_FAST_MATH = YES;
				SDKROOT = iphoneos;
				SWIFT_COMPILATION_MODE = wholemodule;
				SWIFT_OPTIMIZATION_LEVEL = "-O";
				VALIDATE_PRODUCT = YES;
			};
			name = Release;
		};
		7EDD6358287F447900AF74A5 /* Debug */ = {
			isa = XCBuildConfiguration;
			buildSettings = {
				ASSETCATALOG_COMPILER_APPICON_NAME = AppIcon;
				ASSETCATALOG_COMPILER_GLOBAL_ACCENT_COLOR_NAME = AccentColor;
				CODE_SIGN_STYLE = Automatic;
				CURRENT_PROJECT_VERSION = 1;
				DEVELOPMENT_TEAM = YE28Y3LX8V;
				GENERATE_INFOPLIST_FILE = YES;
				INFOPLIST_FILE = ActorShowCase/Info.plist;
				INFOPLIST_KEY_UIApplicationSupportsIndirectInputEvents = YES;
				INFOPLIST_KEY_UILaunchStoryboardName = LaunchScreen;
				INFOPLIST_KEY_UIMainStoryboardFile = Main;
				INFOPLIST_KEY_UISupportedInterfaceOrientations_iPad = "UIInterfaceOrientationPortrait UIInterfaceOrientationPortraitUpsideDown UIInterfaceOrientationLandscapeLeft UIInterfaceOrientationLandscapeRight";
				INFOPLIST_KEY_UISupportedInterfaceOrientations_iPhone = "UIInterfaceOrientationPortrait UIInterfaceOrientationLandscapeLeft UIInterfaceOrientationLandscapeRight";
				LD_RUNPATH_SEARCH_PATHS = (
					"$(inherited)",
					"@executable_path/Frameworks",
				);
				MARKETING_VERSION = 1.0;
				PRODUCT_BUNDLE_IDENTIFIER = com.7peakssoftware.ActorShowCase;
				PRODUCT_NAME = "$(TARGET_NAME)";
				SWIFT_EMIT_LOC_STRINGS = YES;
				SWIFT_VERSION = 5.0;
				TARGETED_DEVICE_FAMILY = "1,2";
			};
			name = Debug;
		};
		7EDD6359287F447900AF74A5 /* Release */ = {
			isa = XCBuildConfiguration;
			buildSettings = {
				ASSETCATALOG_COMPILER_APPICON_NAME = AppIcon;
				ASSETCATALOG_COMPILER_GLOBAL_ACCENT_COLOR_NAME = AccentColor;
				CODE_SIGN_STYLE = Automatic;
				CURRENT_PROJECT_VERSION = 1;
				DEVELOPMENT_TEAM = YE28Y3LX8V;
				GENERATE_INFOPLIST_FILE = YES;
				INFOPLIST_FILE = ActorShowCase/Info.plist;
				INFOPLIST_KEY_UIApplicationSupportsIndirectInputEvents = YES;
				INFOPLIST_KEY_UILaunchStoryboardName = LaunchScreen;
				INFOPLIST_KEY_UIMainStoryboardFile = Main;
				INFOPLIST_KEY_UISupportedInterfaceOrientations_iPad = "UIInterfaceOrientationPortrait UIInterfaceOrientationPortraitUpsideDown UIInterfaceOrientationLandscapeLeft UIInterfaceOrientationLandscapeRight";
				INFOPLIST_KEY_UISupportedInterfaceOrientations_iPhone = "UIInterfaceOrientationPortrait UIInterfaceOrientationLandscapeLeft UIInterfaceOrientationLandscapeRight";
				LD_RUNPATH_SEARCH_PATHS = (
					"$(inherited)",
					"@executable_path/Frameworks",
				);
				MARKETING_VERSION = 1.0;
				PRODUCT_BUNDLE_IDENTIFIER = com.7peakssoftware.ActorShowCase;
				PRODUCT_NAME = "$(TARGET_NAME)";
				SWIFT_EMIT_LOC_STRINGS = YES;
				SWIFT_VERSION = 5.0;
				TARGETED_DEVICE_FAMILY = "1,2";
			};
			name = Release;
		};
		7EDD635B287F447900AF74A5 /* Debug */ = {
			isa = XCBuildConfiguration;
			buildSettings = {
				ALWAYS_EMBED_SWIFT_STANDARD_LIBRARIES = YES;
				BUNDLE_LOADER = "$(TEST_HOST)";
				CODE_SIGN_STYLE = Automatic;
				CURRENT_PROJECT_VERSION = 1;
				DEVELOPMENT_TEAM = YE28Y3LX8V;
				GENERATE_INFOPLIST_FILE = YES;
				IPHONEOS_DEPLOYMENT_TARGET = 15.5;
				MARKETING_VERSION = 1.0;
				PRODUCT_BUNDLE_IDENTIFIER = com.7peakssoftware.ActorShowCaseTests;
				PRODUCT_NAME = "$(TARGET_NAME)";
				SWIFT_EMIT_LOC_STRINGS = NO;
				SWIFT_VERSION = 5.0;
				TARGETED_DEVICE_FAMILY = "1,2";
				TEST_HOST = "$(BUILT_PRODUCTS_DIR)/ActorShowCase.app/ActorShowCase";
			};
			name = Debug;
		};
		7EDD635C287F447900AF74A5 /* Release */ = {
			isa = XCBuildConfiguration;
			buildSettings = {
				ALWAYS_EMBED_SWIFT_STANDARD_LIBRARIES = YES;
				BUNDLE_LOADER = "$(TEST_HOST)";
				CODE_SIGN_STYLE = Automatic;
				CURRENT_PROJECT_VERSION = 1;
				DEVELOPMENT_TEAM = YE28Y3LX8V;
				GENERATE_INFOPLIST_FILE = YES;
				IPHONEOS_DEPLOYMENT_TARGET = 15.5;
				MARKETING_VERSION = 1.0;
				PRODUCT_BUNDLE_IDENTIFIER = com.7peakssoftware.ActorShowCaseTests;
				PRODUCT_NAME = "$(TARGET_NAME)";
				SWIFT_EMIT_LOC_STRINGS = NO;
				SWIFT_VERSION = 5.0;
				TARGETED_DEVICE_FAMILY = "1,2";
				TEST_HOST = "$(BUILT_PRODUCTS_DIR)/ActorShowCase.app/ActorShowCase";
			};
			name = Release;
		};
		7EDD635E287F447900AF74A5 /* Debug */ = {
			isa = XCBuildConfiguration;
			buildSettings = {
				ALWAYS_EMBED_SWIFT_STANDARD_LIBRARIES = YES;
				CODE_SIGN_STYLE = Automatic;
				CURRENT_PROJECT_VERSION = 1;
				DEVELOPMENT_TEAM = YE28Y3LX8V;
				GENERATE_INFOPLIST_FILE = YES;
				MARKETING_VERSION = 1.0;
				PRODUCT_BUNDLE_IDENTIFIER = com.7peakssoftware.ActorShowCaseUITests;
				PRODUCT_NAME = "$(TARGET_NAME)";
				SWIFT_EMIT_LOC_STRINGS = NO;
				SWIFT_VERSION = 5.0;
				TARGETED_DEVICE_FAMILY = "1,2";
				TEST_TARGET_NAME = ActorShowCase;
			};
			name = Debug;
		};
		7EDD635F287F447900AF74A5 /* Release */ = {
			isa = XCBuildConfiguration;
			buildSettings = {
				ALWAYS_EMBED_SWIFT_STANDARD_LIBRARIES = YES;
				CODE_SIGN_STYLE = Automatic;
				CURRENT_PROJECT_VERSION = 1;
				DEVELOPMENT_TEAM = YE28Y3LX8V;
				GENERATE_INFOPLIST_FILE = YES;
				MARKETING_VERSION = 1.0;
				PRODUCT_BUNDLE_IDENTIFIER = com.7peakssoftware.ActorShowCaseUITests;
				PRODUCT_NAME = "$(TARGET_NAME)";
				SWIFT_EMIT_LOC_STRINGS = NO;
				SWIFT_VERSION = 5.0;
				TARGETED_DEVICE_FAMILY = "1,2";
				TEST_TARGET_NAME = ActorShowCase;
			};
			name = Release;
		};
/* End XCBuildConfiguration section */

/* Begin XCConfigurationList section */
		7EDD6328287F447800AF74A5 /* Build configuration list for PBXProject "ActorShowCase" */ = {
			isa = XCConfigurationList;
			buildConfigurations = (
				7EDD6355287F447900AF74A5 /* Debug */,
				7EDD6356287F447900AF74A5 /* Release */,
			);
			defaultConfigurationIsVisible = 0;
			defaultConfigurationName = Release;
		};
		7EDD6357287F447900AF74A5 /* Build configuration list for PBXNativeTarget "ActorShowCase" */ = {
			isa = XCConfigurationList;
			buildConfigurations = (
				7EDD6358287F447900AF74A5 /* Debug */,
				7EDD6359287F447900AF74A5 /* Release */,
			);
			defaultConfigurationIsVisible = 0;
			defaultConfigurationName = Release;
		};
		7EDD635A287F447900AF74A5 /* Build configuration list for PBXNativeTarget "ActorShowCaseTests" */ = {
			isa = XCConfigurationList;
			buildConfigurations = (
				7EDD635B287F447900AF74A5 /* Debug */,
				7EDD635C287F447900AF74A5 /* Release */,
			);
			defaultConfigurationIsVisible = 0;
			defaultConfigurationName = Release;
		};
		7EDD635D287F447900AF74A5 /* Build configuration list for PBXNativeTarget "ActorShowCaseUITests" */ = {
			isa = XCConfigurationList;
			buildConfigurations = (
				7EDD635E287F447900AF74A5 /* Debug */,
				7EDD635F287F447900AF74A5 /* Release */,
			);
			defaultConfigurationIsVisible = 0;
			defaultConfigurationName = Release;
		};
/* End XCConfigurationList section */
	};
	rootObject = 7EDD6325287F447800AF74A5 /* Project object */;
}
